// !$*UTF8*$!
{
	archiveVersion = 1;
	classes = {
	};
	objectVersion = 46;
	objects = {

/* Begin PBXBuildFile section */
		E1BD0E1718E4E79D008E14C6 /* Foundation.framework in Frameworks */ = {isa = PBXBuildFile; fileRef = E1BD0E1618E4E79C008E14C6 /* Foundation.framework */; };
		E1BD0E1918E4E79D008E14C6 /* CoreGraphics.framework in Frameworks */ = {isa = PBXBuildFile; fileRef = E1BD0E1818E4E79D008E14C6 /* CoreGraphics.framework */; };
		E1BD0E1B18E4E79D008E14C6 /* UIKit.framework in Frameworks */ = {isa = PBXBuildFile; fileRef = E1BD0E1A18E4E79D008E14C6 /* UIKit.framework */; };
		E1BD0E2118E4E79D008E14C6 /* InfoPlist.strings in Resources */ = {isa = PBXBuildFile; fileRef = E1BD0E1F18E4E79D008E14C6 /* InfoPlist.strings */; };
		E1BD0E2318E4E79D008E14C6 /* main.m in Sources */ = {isa = PBXBuildFile; fileRef = E1BD0E2218E4E79D008E14C6 /* main.m */; };
		E1BD0E2718E4E79D008E14C6 /* AppDelegate.m in Sources */ = {isa = PBXBuildFile; fileRef = E1BD0E2618E4E79D008E14C6 /* AppDelegate.m */; };
		E1BD0E2918E4E79D008E14C6 /* Images.xcassets in Resources */ = {isa = PBXBuildFile; fileRef = E1BD0E2818E4E79D008E14C6 /* Images.xcassets */; };
		E1BD0E3018E4E79D008E14C6 /* XCTest.framework in Frameworks */ = {isa = PBXBuildFile; fileRef = E1BD0E2F18E4E79D008E14C6 /* XCTest.framework */; };
		E1BD0E3118E4E79D008E14C6 /* Foundation.framework in Frameworks */ = {isa = PBXBuildFile; fileRef = E1BD0E1618E4E79C008E14C6 /* Foundation.framework */; };
		E1BD0E3218E4E79D008E14C6 /* UIKit.framework in Frameworks */ = {isa = PBXBuildFile; fileRef = E1BD0E1A18E4E79D008E14C6 /* UIKit.framework */; };
		E1BD0E3A18E4E79D008E14C6 /* InfoPlist.strings in Resources */ = {isa = PBXBuildFile; fileRef = E1BD0E3818E4E79D008E14C6 /* InfoPlist.strings */; };
		E1BD0E3C18E4E79D008E14C6 /* Exercise_5Tests.m in Sources */ = {isa = PBXBuildFile; fileRef = E1BD0E3B18E4E79D008E14C6 /* Exercise_5Tests.m */; };
		E1BD0E4818E4E7C8008E14C6 /* MainViewController.m in Sources */ = {isa = PBXBuildFile; fileRef = E1BD0E4618E4E7C8008E14C6 /* MainViewController.m */; };
		E1BD0E4918E4E7C8008E14C6 /* MainViewController.xib in Resources */ = {isa = PBXBuildFile; fileRef = E1BD0E4718E4E7C8008E14C6 /* MainViewController.xib */; };
/* End PBXBuildFile section */

/* Begin PBXContainerItemProxy section */
		E1BD0E3318E4E79D008E14C6 /* PBXContainerItemProxy */ = {
			isa = PBXContainerItemProxy;
			containerPortal = E1BD0E0B18E4E79C008E14C6 /* Project object */;
			proxyType = 1;
			remoteGlobalIDString = E1BD0E1218E4E79C008E14C6;
			remoteInfo = "Exercise 5";
		};
/* End PBXContainerItemProxy section */

/* Begin PBXFileReference section */
		E1BD0E1318E4E79C008E14C6 /* Exercise 5.app */ = {isa = PBXFileReference; explicitFileType = wrapper.application; includeInIndex = 0; path = "Exercise 5.app"; sourceTree = BUILT_PRODUCTS_DIR; };
		E1BD0E1618E4E79C008E14C6 /* Foundation.framework */ = {isa = PBXFileReference; lastKnownFileType = wrapper.framework; name = Foundation.framework; path = System/Library/Frameworks/Foundation.framework; sourceTree = SDKROOT; };
		E1BD0E1818E4E79D008E14C6 /* CoreGraphics.framework */ = {isa = PBXFileReference; lastKnownFileType = wrapper.framework; name = CoreGraphics.framework; path = System/Library/Frameworks/CoreGraphics.framework; sourceTree = SDKROOT; };
		E1BD0E1A18E4E79D008E14C6 /* UIKit.framework */ = {isa = PBXFileReference; lastKnownFileType = wrapper.framework; name = UIKit.framework; path = System/Library/Frameworks/UIKit.framework; sourceTree = SDKROOT; };
		E1BD0E1E18E4E79D008E14C6 /* Exercise 5-Info.plist */ = {isa = PBXFileReference; lastKnownFileType = text.plist.xml; path = "Exercise 5-Info.plist"; sourceTree = "<group>"; };
		E1BD0E2018E4E79D008E14C6 /* en */ = {isa = PBXFileReference; lastKnownFileType = text.plist.strings; name = en; path = en.lproj/InfoPlist.strings; sourceTree = "<group>"; };
		E1BD0E2218E4E79D008E14C6 /* main.m */ = {isa = PBXFileReference; lastKnownFileType = sourcecode.c.objc; path = main.m; sourceTree = "<group>"; };
		E1BD0E2418E4E79D008E14C6 /* Exercise 5-Prefix.pch */ = {isa = PBXFileReference; lastKnownFileType = sourcecode.c.h; path = "Exercise 5-Prefix.pch"; sourceTree = "<group>"; };
		E1BD0E2518E4E79D008E14C6 /* AppDelegate.h */ = {isa = PBXFileReference; lastKnownFileType = sourcecode.c.h; path = AppDelegate.h; sourceTree = "<group>"; };
		E1BD0E2618E4E79D008E14C6 /* AppDelegate.m */ = {isa = PBXFileReference; lastKnownFileType = sourcecode.c.objc; path = AppDelegate.m; sourceTree = "<group>"; };
		E1BD0E2818E4E79D008E14C6 /* Images.xcassets */ = {isa = PBXFileReference; lastKnownFileType = folder.assetcatalog; path = Images.xcassets; sourceTree = "<group>"; };
		E1BD0E2E18E4E79D008E14C6 /* Exercise 5Tests.xctest */ = {isa = PBXFileReference; explicitFileType = wrapper.cfbundle; includeInIndex = 0; path = "Exercise 5Tests.xctest"; sourceTree = BUILT_PRODUCTS_DIR; };
		E1BD0E2F18E4E79D008E14C6 /* XCTest.framework */ = {isa = PBXFileReference; lastKnownFileType = wrapper.framework; name = XCTest.framework; path = Library/Frameworks/XCTest.framework; sourceTree = DEVELOPER_DIR; };
		E1BD0E3718E4E79D008E14C6 /* Exercise 5Tests-Info.plist */ = {isa = PBXFileReference; lastKnownFileType = text.plist.xml; path = "Exercise 5Tests-Info.plist"; sourceTree = "<group>"; };
		E1BD0E3918E4E79D008E14C6 /* en */ = {isa = PBXFileReference; lastKnownFileType = text.plist.strings; name = en; path = en.lproj/InfoPlist.strings; sourceTree = "<group>"; };
		E1BD0E3B18E4E79D008E14C6 /* Exercise_5Tests.m */ = {isa = PBXFileReference; lastKnownFileType = sourcecode.c.objc; path = Exercise_5Tests.m; sourceTree = "<group>"; };
		E1BD0E4518E4E7C8008E14C6 /* MainViewController.h */ = {isa = PBXFileReference; fileEncoding = 4; lastKnownFileType = sourcecode.c.h; path = MainViewController.h; sourceTree = "<group>"; };
		E1BD0E4618E4E7C8008E14C6 /* MainViewController.m */ = {isa = PBXFileReference; fileEncoding = 4; lastKnownFileType = sourcecode.c.objc; path = MainViewController.m; sourceTree = "<group>"; };
		E1BD0E4718E4E7C8008E14C6 /* MainViewController.xib */ = {isa = PBXFileReference; fileEncoding = 4; lastKnownFileType = file.xib; path = MainViewController.xib; sourceTree = "<group>"; };
/* End PBXFileReference section */

/* Begin PBXFrameworksBuildPhase section */
		E1BD0E1018E4E79C008E14C6 /* Frameworks */ = {
			isa = PBXFrameworksBuildPhase;
			buildActionMask = 2147483647;
			files = (
				E1BD0E1918E4E79D008E14C6 /* CoreGraphics.framework in Frameworks */,
				E1BD0E1B18E4E79D008E14C6 /* UIKit.framework in Frameworks */,
				E1BD0E1718E4E79D008E14C6 /* Foundation.framework in Frameworks */,
			);
			runOnlyForDeploymentPostprocessing = 0;
		};
		E1BD0E2B18E4E79D008E14C6 /* Frameworks */ = {
			isa = PBXFrameworksBuildPhase;
			buildActionMask = 2147483647;
			files = (
				E1BD0E3018E4E79D008E14C6 /* XCTest.framework in Frameworks */,
				E1BD0E3218E4E79D008E14C6 /* UIKit.framework in Frameworks */,
				E1BD0E3118E4E79D008E14C6 /* Foundation.framework in Frameworks */,
			);
			runOnlyForDeploymentPostprocessing = 0;
		};
/* End PBXFrameworksBuildPhase section */

/* Begin PBXGroup section */
		E1BD0E0A18E4E79C008E14C6 = {
			isa = PBXGroup;
			children = (
				E1BD0E4518E4E7C8008E14C6 /* MainViewController.h */,
				E1BD0E4618E4E7C8008E14C6 /* MainViewController.m */,
				E1BD0E4718E4E7C8008E14C6 /* MainViewController.xib */,
				E1BD0E1C18E4E79D008E14C6 /* Exercise 5 */,
				E1BD0E3518E4E79D008E14C6 /* Exercise 5Tests */,
				E1BD0E1518E4E79C008E14C6 /* Frameworks */,
				E1BD0E1418E4E79C008E14C6 /* Products */,
			);
			sourceTree = "<group>";
		};
		E1BD0E1418E4E79C008E14C6 /* Products */ = {
			isa = PBXGroup;
			children = (
				E1BD0E1318E4E79C008E14C6 /* Exercise 5.app */,
				E1BD0E2E18E4E79D008E14C6 /* Exercise 5Tests.xctest */,
			);
			name = Products;
			sourceTree = "<group>";
		};
		E1BD0E1518E4E79C008E14C6 /* Frameworks */ = {
			isa = PBXGroup;
			children = (
				E1BD0E1618E4E79C008E14C6 /* Foundation.framework */,
				E1BD0E1818E4E79D008E14C6 /* CoreGraphics.framework */,
				E1BD0E1A18E4E79D008E14C6 /* UIKit.framework */,
				E1BD0E2F18E4E79D008E14C6 /* XCTest.framework */,
			);
			name = Frameworks;
			sourceTree = "<group>";
		};
		E1BD0E1C18E4E79D008E14C6 /* Exercise 5 */ = {
			isa = PBXGroup;
			children = (
				E1BD0E2518E4E79D008E14C6 /* AppDelegate.h */,
				E1BD0E2618E4E79D008E14C6 /* AppDelegate.m */,
				E1BD0E2818E4E79D008E14C6 /* Images.xcassets */,
				E1BD0E1D18E4E79D008E14C6 /* Supporting Files */,
			);
			path = "Exercise 5";
			sourceTree = "<group>";
		};
		E1BD0E1D18E4E79D008E14C6 /* Supporting Files */ = {
			isa = PBXGroup;
			children = (
				E1BD0E1E18E4E79D008E14C6 /* Exercise 5-Info.plist */,
				E1BD0E1F18E4E79D008E14C6 /* InfoPlist.strings */,
				E1BD0E2218E4E79D008E14C6 /* main.m */,
				E1BD0E2418E4E79D008E14C6 /* Exercise 5-Prefix.pch */,
			);
			name = "Supporting Files";
			sourceTree = "<group>";
		};
		E1BD0E3518E4E79D008E14C6 /* Exercise 5Tests */ = {
			isa = PBXGroup;
			children = (
				E1BD0E3B18E4E79D008E14C6 /* Exercise_5Tests.m */,
				E1BD0E3618E4E79D008E14C6 /* Supporting Files */,
			);
			path = "Exercise 5Tests";
			sourceTree = "<group>";
		};
		E1BD0E3618E4E79D008E14C6 /* Supporting Files */ = {
			isa = PBXGroup;
			children = (
				E1BD0E3718E4E79D008E14C6 /* Exercise 5Tests-Info.plist */,
				E1BD0E3818E4E79D008E14C6 /* InfoPlist.strings */,
			);
			name = "Supporting Files";
			sourceTree = "<group>";
		};
/* End PBXGroup section */

/* Begin PBXNativeTarget section */
		E1BD0E1218E4E79C008E14C6 /* Exercise 5 */ = {
			isa = PBXNativeTarget;
			buildConfigurationList = E1BD0E3F18E4E79D008E14C6 /* Build configuration list for PBXNativeTarget "Exercise 5" */;
			buildPhases = (
				E1BD0E0F18E4E79C008E14C6 /* Sources */,
				E1BD0E1018E4E79C008E14C6 /* Frameworks */,
				E1BD0E1118E4E79C008E14C6 /* Resources */,
			);
			buildRules = (
			);
			dependencies = (
			);
			name = "Exercise 5";
			productName = "Exercise 5";
			productReference = E1BD0E1318E4E79C008E14C6 /* Exercise 5.app */;
			productType = "com.apple.product-type.application";
		};
		E1BD0E2D18E4E79D008E14C6 /* Exercise 5Tests */ = {
			isa = PBXNativeTarget;
			buildConfigurationList = E1BD0E4218E4E79D008E14C6 /* Build configuration list for PBXNativeTarget "Exercise 5Tests" */;
			buildPhases = (
				E1BD0E2A18E4E79D008E14C6 /* Sources */,
				E1BD0E2B18E4E79D008E14C6 /* Frameworks */,
				E1BD0E2C18E4E79D008E14C6 /* Resources */,
			);
			buildRules = (
			);
			dependencies = (
				E1BD0E3418E4E79D008E14C6 /* PBXTargetDependency */,
			);
			name = "Exercise 5Tests";
			productName = "Exercise 5Tests";
			productReference = E1BD0E2E18E4E79D008E14C6 /* Exercise 5Tests.xctest */;
			productType = "com.apple.product-type.bundle.unit-test";
		};
/* End PBXNativeTarget section */

/* Begin PBXProject section */
		E1BD0E0B18E4E79C008E14C6 /* Project object */ = {
			isa = PBXProject;
			attributes = {
				LastUpgradeCheck = 0510;
				ORGANIZATIONNAME = "Alice Tsai";
				TargetAttributes = {
					E1BD0E2D18E4E79D008E14C6 = {
						TestTargetID = E1BD0E1218E4E79C008E14C6;
					};
				};
			};
			buildConfigurationList = E1BD0E0E18E4E79C008E14C6 /* Build configuration list for PBXProject "Exercise 5" */;
			compatibilityVersion = "Xcode 3.2";
			developmentRegion = English;
			hasScannedForEncodings = 0;
			knownRegions = (
				en,
			);
			mainGroup = E1BD0E0A18E4E79C008E14C6;
			productRefGroup = E1BD0E1418E4E79C008E14C6 /* Products */;
			projectDirPath = "";
			projectRoot = "";
			targets = (
				E1BD0E1218E4E79C008E14C6 /* Exercise 5 */,
				E1BD0E2D18E4E79D008E14C6 /* Exercise 5Tests */,
			);
		};
/* End PBXProject section */

/* Begin PBXResourcesBuildPhase section */
		E1BD0E1118E4E79C008E14C6 /* Resources */ = {
			isa = PBXResourcesBuildPhase;
			buildActionMask = 2147483647;
			files = (
				E1BD0E2118E4E79D008E14C6 /* InfoPlist.strings in Resources */,
				E1BD0E4918E4E7C8008E14C6 /* MainViewController.xib in Resources */,
				E1BD0E2918E4E79D008E14C6 /* Images.xcassets in Resources */,
			);
			runOnlyForDeploymentPostprocessing = 0;
		};
		E1BD0E2C18E4E79D008E14C6 /* Resources */ = {
			isa = PBXResourcesBuildPhase;
			buildActionMask = 2147483647;
			files = (
				E1BD0E3A18E4E79D008E14C6 /* InfoPlist.strings in Resources */,
			);
			runOnlyForDeploymentPostprocessing = 0;
		};
/* End PBXResourcesBuildPhase section */

/* Begin PBXSourcesBuildPhase section */
		E1BD0E0F18E4E79C008E14C6 /* Sources */ = {
			isa = PBXSourcesBuildPhase;
			buildActionMask = 2147483647;
			files = (
				E1BD0E2718E4E79D008E14C6 /* AppDelegate.m in Sources */,
				E1BD0E4818E4E7C8008E14C6 /* MainViewController.m in Sources */,
				E1BD0E2318E4E79D008E14C6 /* main.m in Sources */,
			);
			runOnlyForDeploymentPostprocessing = 0;
		};
		E1BD0E2A18E4E79D008E14C6 /* Sources */ = {
			isa = PBXSourcesBuildPhase;
			buildActionMask = 2147483647;
			files = (
				E1BD0E3C18E4E79D008E14C6 /* Exercise_5Tests.m in Sources */,
			);
			runOnlyForDeploymentPostprocessing = 0;
		};
/* End PBXSourcesBuildPhase section */

/* Begin PBXTargetDependency section */
		E1BD0E3418E4E79D008E14C6 /* PBXTargetDependency */ = {
			isa = PBXTargetDependency;
			target = E1BD0E1218E4E79C008E14C6 /* Exercise 5 */;
			targetProxy = E1BD0E3318E4E79D008E14C6 /* PBXContainerItemProxy */;
		};
/* End PBXTargetDependency section */

/* Begin PBXVariantGroup section */
		E1BD0E1F18E4E79D008E14C6 /* InfoPlist.strings */ = {
			isa = PBXVariantGroup;
			children = (
				E1BD0E2018E4E79D008E14C6 /* en */,
			);
			name = InfoPlist.strings;
			sourceTree = "<group>";
		};
		E1BD0E3818E4E79D008E14C6 /* InfoPlist.strings */ = {
			isa = PBXVariantGroup;
			children = (
				E1BD0E3918E4E79D008E14C6 /* en */,
			);
			name = InfoPlist.strings;
			sourceTree = "<group>";
		};
/* End PBXVariantGroup section */

/* Begin XCBuildConfiguration section */
		E1BD0E3D18E4E79D008E14C6 /* Debug */ = {
			isa = XCBuildConfiguration;
			buildSettings = {
				ALWAYS_SEARCH_USER_PATHS = NO;
				CLANG_CXX_LANGUAGE_STANDARD = "gnu++0x";
				CLANG_CXX_LIBRARY = "libc++";
				CLANG_ENABLE_MODULES = YES;
				CLANG_ENABLE_OBJC_ARC = YES;
				CLANG_WARN_BOOL_CONVERSION = YES;
				CLANG_WARN_CONSTANT_CONVERSION = YES;
				CLANG_WARN_DIRECT_OBJC_ISA_USAGE = YES_ERROR;
				CLANG_WARN_EMPTY_BODY = YES;
				CLANG_WARN_ENUM_CONVERSION = YES;
				CLANG_WARN_INT_CONVERSION = YES;
				CLANG_WARN_OBJC_ROOT_CLASS = YES_ERROR;
				CLANG_WARN__DUPLICATE_METHOD_MATCH = YES;
				"CODE_SIGN_IDENTITY[sdk=iphoneos*]" = "iPhone Developer";
				COPY_PHASE_STRIP = NO;
				GCC_C_LANGUAGE_STANDARD = gnu99;
				GCC_DYNAMIC_NO_PIC = NO;
				GCC_OPTIMIZATION_LEVEL = 0;
				GCC_PREPROCESSOR_DEFINITIONS = (
					"DEBUG=1",
					"$(inherited)",
				);
				GCC_SYMBOLS_PRIVATE_EXTERN = NO;
				GCC_WARN_64_TO_32_BIT_CONVERSION = YES;
				GCC_WARN_ABOUT_RETURN_TYPE = YES_ERROR;
				GCC_WARN_UNDECLARED_SELECTOR = YES;
				GCC_WARN_UNINITIALIZED_AUTOS = YES_AGGRESSIVE;
				GCC_WARN_UNUSED_FUNCTION = YES;
				GCC_WARN_UNUSED_VARIABLE = YES;
				IPHONEOS_DEPLOYMENT_TARGET = 7.1;
				ONLY_ACTIVE_ARCH = YES;
				SDKROOT = iphoneos;
			};
			name = Debug;
		};
		E1BD0E3E18E4E79D008E14C6 /* Release */ = {
			isa = XCBuildConfiguration;
			buildSettings = {
				ALWAYS_SEARCH_USER_PATHS = NO;
				CLANG_CXX_LANGUAGE_STANDARD = "gnu++0x";
				CLANG_CXX_LIBRARY = "libc++";
				CLANG_ENABLE_MODULES = YES;
				CLANG_ENABLE_OBJC_ARC = YES;
				CLANG_WARN_BOOL_CONVERSION = YES;
				CLANG_WARN_CONSTANT_CONVERSION = YES;
				CLANG_WARN_DIRECT_OBJC_ISA_USAGE = YES_ERROR;
				CLANG_WARN_EMPTY_BODY = YES;
				CLANG_WARN_ENUM_CONVERSION = YES;
				CLANG_WARN_INT_CONVERSION = YES;
				CLANG_WARN_OBJC_ROOT_CLASS = YES_ERROR;
				CLANG_WARN__DUPLICATE_METHOD_MATCH = YES;
				"CODE_SIGN_IDENTITY[sdk=iphoneos*]" = "iPhone Developer";
				COPY_PHASE_STRIP = YES;
				ENABLE_NS_ASSERTIONS = NO;
				GCC_C_LANGUAGE_STANDARD = gnu99;
				GCC_WARN_64_TO_32_BIT_CONVERSION = YES;
				GCC_WARN_ABOUT_RETURN_TYPE = YES_ERROR;
				GCC_WARN_UNDECLARED_SELECTOR = YES;
				GCC_WARN_UNINITIALIZED_AUTOS = YES_AGGRESSIVE;
				GCC_WARN_UNUSED_FUNCTION = YES;
				GCC_WARN_UNUSED_VARIABLE = YES;
				IPHONEOS_DEPLOYMENT_TARGET = 7.1;
				SDKROOT = iphoneos;
				VALIDATE_PRODUCT = YES;
			};
			name = Release;
		};
		E1BD0E4018E4E79D008E14C6 /* Debug */ = {
			isa = XCBuildConfiguration;
			buildSettings = {
				ASSETCATALOG_COMPILER_APPICON_NAME = AppIcon;
				ASSETCATALOG_COMPILER_LAUNCHIMAGE_NAME = LaunchImage;
				GCC_PRECOMPILE_PREFIX_HEADER = YES;
				GCC_PREFIX_HEADER = "Exercise 5/Exercise 5-Prefix.pch";
				INFOPLIST_FILE = "Exercise 5/Exercise 5-Info.plist";
				IPHONEOS_DEPLOYMENT_TARGET = 6.1;
				PRODUCT_NAME = "$(TARGET_NAME)";
				WRAPPER_EXTENSION = app;
			};
			name = Debug;
		};
		E1BD0E4118E4E79D008E14C6 /* Release */ = {
			isa = XCBuildConfiguration;
			buildSettings = {
				ASSETCATALOG_COMPILER_APPICON_NAME = AppIcon;
				ASSETCATALOG_COMPILER_LAUNCHIMAGE_NAME = LaunchImage;
				GCC_PRECOMPILE_PREFIX_HEADER = YES;
				GCC_PREFIX_HEADER = "Exercise 5/Exercise 5-Prefix.pch";
				INFOPLIST_FILE = "Exercise 5/Exercise 5-Info.plist";
				IPHONEOS_DEPLOYMENT_TARGET = 6.1;
				PRODUCT_NAME = "$(TARGET_NAME)";
				WRAPPER_EXTENSION = app;
			};
			name = Release;
		};
		E1BD0E4318E4E79D008E14C6 /* Debug */ = {
			isa = XCBuildConfiguration;
			buildSettings = {
				BUNDLE_LOADER = "$(BUILT_PRODUCTS_DIR)/Exercise 5.app/Exercise 5";
				FRAMEWORK_SEARCH_PATHS = (
					"$(SDKROOT)/Developer/Library/Frameworks",
					"$(inherited)",
					"$(DEVELOPER_FRAMEWORKS_DIR)",
				);
				GCC_PRECOMPILE_PREFIX_HEADER = YES;
				GCC_PREFIX_HEADER = "Exercise 5/Exercise 5-Prefix.pch";
				GCC_PREPROCESSOR_DEFINITIONS = (
					"DEBUG=1",
					"$(inherited)",
				);
				INFOPLIST_FILE = "Exercise 5Tests/Exercise 5Tests-Info.plist";
				PRODUCT_NAME = "$(TARGET_NAME)";
				TEST_HOST = "$(BUNDLE_LOADER)";
				WRAPPER_EXTENSION = xctest;
			};
			name = Debug;
		};
		E1BD0E4418E4E79D008E14C6 /* Release */ = {
			isa = XCBuildConfiguration;
			buildSettings = {
				BUNDLE_LOADER = "$(BUILT_PRODUCTS_DIR)/Exercise 5.app/Exercise 5";
				FRAMEWORK_SEARCH_PATHS = (
					"$(SDKROOT)/Developer/Library/Frameworks",
					"$(inherited)",
					"$(DEVELOPER_FRAMEWORKS_DIR)",
				);
				GCC_PRECOMPILE_PREFIX_HEADER = YES;
				GCC_PREFIX_HEADER = "Exercise 5/Exercise 5-Prefix.pch";
				INFOPLIST_FILE = "Exercise 5Tests/Exercise 5Tests-Info.plist";
				PRODUCT_NAME = "$(TARGET_NAME)";
				TEST_HOST = "$(BUNDLE_LOADER)";
				WRAPPER_EXTENSION = xctest;
			};
			name = Release;
		};
/* End XCBuildConfiguration section */

/* Begin XCConfigurationList section */
		E1BD0E0E18E4E79C008E14C6 /* Build configuration list for PBXProject "Exercise 5" */ = {
			isa = XCConfigurationList;
			buildConfigurations = (
				E1BD0E3D18E4E79D008E14C6 /* Debug */,
				E1BD0E3E18E4E79D008E14C6 /* Release */,
			);
			defaultConfigurationIsVisible = 0;
			defaultConfigurationName = Release;
		};
		E1BD0E3F18E4E79D008E14C6 /* Build configuration list for PBXNativeTarget "Exercise 5" */ = {
			isa = XCConfigurationList;
			buildConfigurations = (
				E1BD0E4018E4E79D008E14C6 /* Debug */,
				E1BD0E4118E4E79D008E14C6 /* Release */,
			);
			defaultConfigurationIsVisible = 0;
		};
		E1BD0E4218E4E79D008E14C6 /* Build configuration list for PBXNativeTarget "Exercise 5Tests" */ = {
			isa = XCConfigurationList;
			buildConfigurations = (
				E1BD0E4318E4E79D008E14C6 /* Debug */,
				E1BD0E4418E4E79D008E14C6 /* Release */,
			);
			defaultConfigurationIsVisible = 0;
		};
/* End XCConfigurationList section */
	};
	rootObject = E1BD0E0B18E4E79C008E14C6 /* Project object */;
}
